// !$*UTF8*$!
{
	archiveVersion = 1;
	classes = {
	};
	objectVersion = 56;
	objects = {

/* Begin PBXBuildFile section */
		611A24602A84641600F68D7D /* CallRecordingApp.swift in Sources */ = {isa = PBXBuildFile; fileRef = 611A245F2A84641600F68D7D /* CallRecordingApp.swift */; };
		611A24622A84641600F68D7D /* ContentView.swift in Sources */ = {isa = PBXBuildFile; fileRef = 611A24612A84641600F68D7D /* ContentView.swift */; };
		611A24642A84641700F68D7D /* Assets.xcassets in Resources */ = {isa = PBXBuildFile; fileRef = 611A24632A84641700F68D7D /* Assets.xcassets */; };
		611A24672A84641700F68D7D /* Preview Assets.xcassets in Resources */ = {isa = PBXBuildFile; fileRef = 611A24662A84641700F68D7D /* Preview Assets.xcassets */; };
		611A24712A84641700F68D7D /* CallRecordingTests.swift in Sources */ = {isa = PBXBuildFile; fileRef = 611A24702A84641700F68D7D /* CallRecordingTests.swift */; };
		611A247B2A84641700F68D7D /* CallRecordingUITests.swift in Sources */ = {isa = PBXBuildFile; fileRef = 611A247A2A84641700F68D7D /* CallRecordingUITests.swift */; };
		611A247D2A84641700F68D7D /* CallRecordingUITestsLaunchTests.swift in Sources */ = {isa = PBXBuildFile; fileRef = 611A247C2A84641700F68D7D /* CallRecordingUITestsLaunchTests.swift */; };
/* End PBXBuildFile section */

/* Begin PBXContainerItemProxy section */
		611A246D2A84641700F68D7D /* PBXContainerItemProxy */ = {
			isa = PBXContainerItemProxy;
			containerPortal = 611A24542A84641600F68D7D /* Project object */;
			proxyType = 1;
			remoteGlobalIDString = 611A245B2A84641600F68D7D;
			remoteInfo = CallRecording;
		};
		611A24772A84641700F68D7D /* PBXContainerItemProxy */ = {
			isa = PBXContainerItemProxy;
			containerPortal = 611A24542A84641600F68D7D /* Project object */;
			proxyType = 1;
			remoteGlobalIDString = 611A245B2A84641600F68D7D;
			remoteInfo = CallRecording;
		};
/* End PBXContainerItemProxy section */

/* Begin PBXFileReference section */
		611A245C2A84641600F68D7D /* CallRecording.app */ = {isa = PBXFileReference; explicitFileType = wrapper.application; includeInIndex = 0; path = CallRecording.app; sourceTree = BUILT_PRODUCTS_DIR; };
		611A245F2A84641600F68D7D /* CallRecordingApp.swift */ = {isa = PBXFileReference; lastKnownFileType = sourcecode.swift; path = CallRecordingApp.swift; sourceTree = "<group>"; };
		611A24612A84641600F68D7D /* ContentView.swift */ = {isa = PBXFileReference; lastKnownFileType = sourcecode.swift; path = ContentView.swift; sourceTree = "<group>"; };
		611A24632A84641700F68D7D /* Assets.xcassets */ = {isa = PBXFileReference; lastKnownFileType = folder.assetcatalog; path = Assets.xcassets; sourceTree = "<group>"; };
		611A24662A84641700F68D7D /* Preview Assets.xcassets */ = {isa = PBXFileReference; lastKnownFileType = folder.assetcatalog; path = "Preview Assets.xcassets"; sourceTree = "<group>"; };
		611A246C2A84641700F68D7D /* CallRecordingTests.xctest */ = {isa = PBXFileReference; explicitFileType = wrapper.cfbundle; includeInIndex = 0; path = CallRecordingTests.xctest; sourceTree = BUILT_PRODUCTS_DIR; };
		611A24702A84641700F68D7D /* CallRecordingTests.swift */ = {isa = PBXFileReference; lastKnownFileType = sourcecode.swift; path = CallRecordingTests.swift; sourceTree = "<group>"; };
		611A24762A84641700F68D7D /* CallRecordingUITests.xctest */ = {isa = PBXFileReference; explicitFileType = wrapper.cfbundle; includeInIndex = 0; path = CallRecordingUITests.xctest; sourceTree = BUILT_PRODUCTS_DIR; };
		611A247A2A84641700F68D7D /* CallRecordingUITests.swift */ = {isa = PBXFileReference; lastKnownFileType = sourcecode.swift; path = CallRecordingUITests.swift; sourceTree = "<group>"; };
		611A247C2A84641700F68D7D /* CallRecordingUITestsLaunchTests.swift */ = {isa = PBXFileReference; lastKnownFileType = sourcecode.swift; path = CallRecordingUITestsLaunchTests.swift; sourceTree = "<group>"; };
		611A24892A84680700F68D7D /* CallRecording.entitlements */ = {isa = PBXFileReference; lastKnownFileType = text.plist.entitlements; path = CallRecording.entitlements; sourceTree = "<group>"; };
		611A248A2A84683600F68D7D /* Info.plist */ = {isa = PBXFileReference; lastKnownFileType = text.plist; path = Info.plist; sourceTree = "<group>"; };
/* End PBXFileReference section */

/* Begin PBXFrameworksBuildPhase section */
		611A24592A84641600F68D7D /* Frameworks */ = {
			isa = PBXFrameworksBuildPhase;
			buildActionMask = 2147483647;
			files = (
			);
			runOnlyForDeploymentPostprocessing = 0;
		};
		611A24692A84641700F68D7D /* Frameworks */ = {
			isa = PBXFrameworksBuildPhase;
			buildActionMask = 2147483647;
			files = (
			);
			runOnlyForDeploymentPostprocessing = 0;
		};
		611A24732A84641700F68D7D /* Frameworks */ = {
			isa = PBXFrameworksBuildPhase;
			buildActionMask = 2147483647;
			files = (
			);
			runOnlyForDeploymentPostprocessing = 0;
		};
/* End PBXFrameworksBuildPhase section */

/* Begin PBXGroup section */
		611A24532A84641600F68D7D = {
			isa = PBXGroup;
			children = (
				611A245E2A84641600F68D7D /* CallRecording */,
				611A246F2A84641700F68D7D /* CallRecordingTests */,
				611A24792A84641700F68D7D /* CallRecordingUITests */,
				611A245D2A84641600F68D7D /* Products */,
			);
			sourceTree = "<group>";
		};
		611A245D2A84641600F68D7D /* Products */ = {
			isa = PBXGroup;
			children = (
				611A245C2A84641600F68D7D /* CallRecording.app */,
				611A246C2A84641700F68D7D /* CallRecordingTests.xctest */,
				611A24762A84641700F68D7D /* CallRecordingUITests.xctest */,
			);
			name = Products;
			sourceTree = "<group>";
		};
		611A245E2A84641600F68D7D /* CallRecording */ = {
			isa = PBXGroup;
			children = (
				611A248A2A84683600F68D7D /* Info.plist */,
				611A24892A84680700F68D7D /* CallRecording.entitlements */,
				611A245F2A84641600F68D7D /* CallRecordingApp.swift */,
				611A24612A84641600F68D7D /* ContentView.swift */,
				611A24632A84641700F68D7D /* Assets.xcassets */,
				611A24652A84641700F68D7D /* Preview Content */,
			);
			path = CallRecording;
			sourceTree = "<group>";
		};
		611A24652A84641700F68D7D /* Preview Content */ = {
			isa = PBXGroup;
			children = (
				611A24662A84641700F68D7D /* Preview Assets.xcassets */,
			);
			path = "Preview Content";
			sourceTree = "<group>";
		};
		611A246F2A84641700F68D7D /* CallRecordingTests */ = {
			isa = PBXGroup;
			children = (
				611A24702A84641700F68D7D /* CallRecordingTests.swift */,
			);
			path = CallRecordingTests;
			sourceTree = "<group>";
		};
		611A24792A84641700F68D7D /* CallRecordingUITests */ = {
			isa = PBXGroup;
			children = (
				611A247A2A84641700F68D7D /* CallRecordingUITests.swift */,
				611A247C2A84641700F68D7D /* CallRecordingUITestsLaunchTests.swift */,
			);
			path = CallRecordingUITests;
			sourceTree = "<group>";
		};
/* End PBXGroup section */

/* Begin PBXNativeTarget section */
		611A245B2A84641600F68D7D /* CallRecording */ = {
			isa = PBXNativeTarget;
			buildConfigurationList = 611A24802A84641700F68D7D /* Build configuration list for PBXNativeTarget "CallRecording" */;
			buildPhases = (
				611A24582A84641600F68D7D /* Sources */,
				611A24592A84641600F68D7D /* Frameworks */,
				611A245A2A84641600F68D7D /* Resources */,
			);
			buildRules = (
			);
			dependencies = (
			);
			name = CallRecording;
			productName = CallRecording;
			productReference = 611A245C2A84641600F68D7D /* CallRecording.app */;
			productType = "com.apple.product-type.application";
		};
		611A246B2A84641700F68D7D /* CallRecordingTests */ = {
			isa = PBXNativeTarget;
			buildConfigurationList = 611A24832A84641700F68D7D /* Build configuration list for PBXNativeTarget "CallRecordingTests" */;
			buildPhases = (
				611A24682A84641700F68D7D /* Sources */,
				611A24692A84641700F68D7D /* Frameworks */,
				611A246A2A84641700F68D7D /* Resources */,
			);
			buildRules = (
			);
			dependencies = (
				611A246E2A84641700F68D7D /* PBXTargetDependency */,
			);
			name = CallRecordingTests;
			productName = CallRecordingTests;
			productReference = 611A246C2A84641700F68D7D /* CallRecordingTests.xctest */;
			productType = "com.apple.product-type.bundle.unit-test";
		};
		611A24752A84641700F68D7D /* CallRecordingUITests */ = {
			isa = PBXNativeTarget;
			buildConfigurationList = 611A24862A84641700F68D7D /* Build configuration list for PBXNativeTarget "CallRecordingUITests" */;
			buildPhases = (
				611A24722A84641700F68D7D /* Sources */,
				611A24732A84641700F68D7D /* Frameworks */,
				611A24742A84641700F68D7D /* Resources */,
			);
			buildRules = (
			);
			dependencies = (
				611A24782A84641700F68D7D /* PBXTargetDependency */,
			);
			name = CallRecordingUITests;
			productName = CallRecordingUITests;
			productReference = 611A24762A84641700F68D7D /* CallRecordingUITests.xctest */;
			productType = "com.apple.product-type.bundle.ui-testing";
		};
/* End PBXNativeTarget section */

/* Begin PBXProject section */
		611A24542A84641600F68D7D /* Project object */ = {
			isa = PBXProject;
			attributes = {
				BuildIndependentTargetsInParallel = 1;
				LastSwiftUpdateCheck = 1430;
				LastUpgradeCheck = 1430;
				TargetAttributes = {
					611A245B2A84641600F68D7D = {
						CreatedOnToolsVersion = 14.3;
					};
					611A246B2A84641700F68D7D = {
						CreatedOnToolsVersion = 14.3;
						TestTargetID = 611A245B2A84641600F68D7D;
					};
					611A24752A84641700F68D7D = {
						CreatedOnToolsVersion = 14.3;
						TestTargetID = 611A245B2A84641600F68D7D;
					};
				};
			};
			buildConfigurationList = 611A24572A84641600F68D7D /* Build configuration list for PBXProject "CallRecording" */;
			compatibilityVersion = "Xcode 14.0";
			developmentRegion = en;
			hasScannedForEncodings = 0;
			knownRegions = (
				en,
				Base,
			);
			mainGroup = 611A24532A84641600F68D7D;
			productRefGroup = 611A245D2A84641600F68D7D /* Products */;
			projectDirPath = "";
			projectRoot = "";
			targets = (
				611A245B2A84641600F68D7D /* CallRecording */,
				611A246B2A84641700F68D7D /* CallRecordingTests */,
				611A24752A84641700F68D7D /* CallRecordingUITests */,
			);
		};
/* End PBXProject section */

/* Begin PBXResourcesBuildPhase section */
		611A245A2A84641600F68D7D /* Resources */ = {
			isa = PBXResourcesBuildPhase;
			buildActionMask = 2147483647;
			files = (
				611A24672A84641700F68D7D /* Preview Assets.xcassets in Resources */,
				611A24642A84641700F68D7D /* Assets.xcassets in Resources */,
			);
			runOnlyForDeploymentPostprocessing = 0;
		};
		611A246A2A84641700F68D7D /* Resources */ = {
			isa = PBXResourcesBuildPhase;
			buildActionMask = 2147483647;
			files = (
			);
			runOnlyForDeploymentPostprocessing = 0;
		};
		611A24742A84641700F68D7D /* Resources */ = {
			isa = PBXResourcesBuildPhase;
			buildActionMask = 2147483647;
			files = (
			);
			runOnlyForDeploymentPostprocessing = 0;
		};
/* End PBXResourcesBuildPhase section */

/* Begin PBXSourcesBuildPhase section */
		611A24582A84641600F68D7D /* Sources */ = {
			isa = PBXSourcesBuildPhase;
			buildActionMask = 2147483647;
			files = (
				611A24622A84641600F68D7D /* ContentView.swift in Sources */,
				611A24602A84641600F68D7D /* CallRecordingApp.swift in Sources */,
			);
			runOnlyForDeploymentPostprocessing = 0;
		};
		611A24682A84641700F68D7D /* Sources */ = {
			isa = PBXSourcesBuildPhase;
			buildActionMask = 2147483647;
			files = (
				611A24712A84641700F68D7D /* CallRecordingTests.swift in Sources */,
			);
			runOnlyForDeploymentPostprocessing = 0;
		};
		611A24722A84641700F68D7D /* Sources */ = {
			isa = PBXSourcesBuildPhase;
			buildActionMask = 2147483647;
			files = (
				611A247D2A84641700F68D7D /* CallRecordingUITestsLaunchTests.swift in Sources */,
				611A247B2A84641700F68D7D /* CallRecordingUITests.swift in Sources */,
			);
			runOnlyForDeploymentPostprocessing = 0;
		};
/* End PBXSourcesBuildPhase section */

/* Begin PBXTargetDependency section */
		611A246E2A84641700F68D7D /* PBXTargetDependency */ = {
			isa = PBXTargetDependency;
			target = 611A245B2A84641600F68D7D /* CallRecording */;
			targetProxy = 611A246D2A84641700F68D7D /* PBXContainerItemProxy */;
		};
		611A24782A84641700F68D7D /* PBXTargetDependency */ = {
			isa = PBXTargetDependency;
			target = 611A245B2A84641600F68D7D /* CallRecording */;
			targetProxy = 611A24772A84641700F68D7D /* PBXContainerItemProxy */;
		};
/* End PBXTargetDependency section */

/* Begin XCBuildConfiguration section */
		611A247E2A84641700F68D7D /* Debug */ = {
			isa = XCBuildConfiguration;
			buildSettings = {
				ALWAYS_SEARCH_USER_PATHS = NO;
				CLANG_ANALYZER_NONNULL = YES;
				CLANG_ANALYZER_NUMBER_OBJECT_CONVERSION = YES_AGGRESSIVE;
				CLANG_CXX_LANGUAGE_STANDARD = "gnu++20";
				CLANG_ENABLE_MODULES = YES;
				CLANG_ENABLE_OBJC_ARC = YES;
				CLANG_ENABLE_OBJC_WEAK = YES;
				CLANG_WARN_BLOCK_CAPTURE_AUTORELEASING = YES;
				CLANG_WARN_BOOL_CONVERSION = YES;
				CLANG_WARN_COMMA = YES;
				CLANG_WARN_CONSTANT_CONVERSION = YES;
				CLANG_WARN_DEPRECATED_OBJC_IMPLEMENTATIONS = YES;
				CLANG_WARN_DIRECT_OBJC_ISA_USAGE = YES_ERROR;
				CLANG_WARN_DOCUMENTATION_COMMENTS = YES;
				CLANG_WARN_EMPTY_BODY = YES;
				CLANG_WARN_ENUM_CONVERSION = YES;
				CLANG_WARN_INFINITE_RECURSION = YES;
				CLANG_WARN_INT_CONVERSION = YES;
				CLANG_WARN_NON_LITERAL_NULL_CONVERSION = YES;
				CLANG_WARN_OBJC_IMPLICIT_RETAIN_SELF = YES;
				CLANG_WARN_OBJC_LITERAL_CONVERSION = YES;
				CLANG_WARN_OBJC_ROOT_CLASS = YES_ERROR;
				CLANG_WARN_QUOTED_INCLUDE_IN_FRAMEWORK_HEADER = YES;
				CLANG_WARN_RANGE_LOOP_ANALYSIS = YES;
				CLANG_WARN_STRICT_PROTOTYPES = YES;
				CLANG_WARN_SUSPICIOUS_MOVE = YES;
				CLANG_WARN_UNGUARDED_AVAILABILITY = YES_AGGRESSIVE;
				CLANG_WARN_UNREACHABLE_CODE = YES;
				CLANG_WARN__DUPLICATE_METHOD_MATCH = YES;
				COPY_PHASE_STRIP = NO;
				DEBUG_INFORMATION_FORMAT = dwarf;
				ENABLE_STRICT_OBJC_MSGSEND = YES;
				ENABLE_TESTABILITY = YES;
				GCC_C_LANGUAGE_STANDARD = gnu11;
				GCC_DYNAMIC_NO_PIC = NO;
				GCC_NO_COMMON_BLOCKS = YES;
				GCC_OPTIMIZATION_LEVEL = 0;
				GCC_PREPROCESSOR_DEFINITIONS = (
					"DEBUG=1",
					"$(inherited)",
				);
				GCC_WARN_64_TO_32_BIT_CONVERSION = YES;
				GCC_WARN_ABOUT_RETURN_TYPE = YES_ERROR;
				GCC_WARN_UNDECLARED_SELECTOR = YES;
				GCC_WARN_UNINITIALIZED_AUTOS = YES_AGGRESSIVE;
				GCC_WARN_UNUSED_FUNCTION = YES;
				GCC_WARN_UNUSED_VARIABLE = YES;
				IPHONEOS_DEPLOYMENT_TARGET = 16.0;
				MTL_ENABLE_DEBUG_INFO = INCLUDE_SOURCE;
				MTL_FAST_MATH = YES;
				ONLY_ACTIVE_ARCH = YES;
				SDKROOT = iphoneos;
				SWIFT_ACTIVE_COMPILATION_CONDITIONS = DEBUG;
				SWIFT_OPTIMIZATION_LEVEL = "-Onone";
			};
			name = Debug;
		};
		611A247F2A84641700F68D7D /* Release */ = {
			isa = XCBuildConfiguration;
			buildSettings = {
				ALWAYS_SEARCH_USER_PATHS = NO;
				CLANG_ANALYZER_NONNULL = YES;
				CLANG_ANALYZER_NUMBER_OBJECT_CONVERSION = YES_AGGRESSIVE;
				CLANG_CXX_LANGUAGE_STANDARD = "gnu++20";
				CLANG_ENABLE_MODULES = YES;
				CLANG_ENABLE_OBJC_ARC = YES;
				CLANG_ENABLE_OBJC_WEAK = YES;
				CLANG_WARN_BLOCK_CAPTURE_AUTORELEASING = YES;
				CLANG_WARN_BOOL_CONVERSION = YES;
				CLANG_WARN_COMMA = YES;
				CLANG_WARN_CONSTANT_CONVERSION = YES;
				CLANG_WARN_DEPRECATED_OBJC_IMPLEMENTATIONS = YES;
				CLANG_WARN_DIRECT_OBJC_ISA_USAGE = YES_ERROR;
				CLANG_WARN_DOCUMENTATION_COMMENTS = YES;
				CLANG_WARN_EMPTY_BODY = YES;
				CLANG_WARN_ENUM_CONVERSION = YES;
				CLANG_WARN_INFINITE_RECURSION = YES;
				CLANG_WARN_INT_CONVERSION = YES;
				CLANG_WARN_NON_LITERAL_NULL_CONVERSION = YES;
				CLANG_WARN_OBJC_IMPLICIT_RETAIN_SELF = YES;
				CLANG_WARN_OBJC_LITERAL_CONVERSION = YES;
				CLANG_WARN_OBJC_ROOT_CLASS = YES_ERROR;
				CLANG_WARN_QUOTED_INCLUDE_IN_FRAMEWORK_HEADER = YES;
				CLANG_WARN_RANGE_LOOP_ANALYSIS = YES;
				CLANG_WARN_STRICT_PROTOTYPES = YES;
				CLANG_WARN_SUSPICIOUS_MOVE = YES;
				CLANG_WARN_UNGUARDED_AVAILABILITY = YES_AGGRESSIVE;
				CLANG_WARN_UNREACHABLE_CODE = YES;
				CLANG_WARN__DUPLICATE_METHOD_MATCH = YES;
				COPY_PHASE_STRIP = NO;
				DEBUG_INFORMATION_FORMAT = "dwarf-with-dsym";
				ENABLE_NS_ASSERTIONS = NO;
				ENABLE_STRICT_OBJC_MSGSEND = YES;
				GCC_C_LANGUAGE_STANDARD = gnu11;
				GCC_NO_COMMON_BLOCKS = YES;
				GCC_WARN_64_TO_32_BIT_CONVERSION = YES;
				GCC_WARN_ABOUT_RETURN_TYPE = YES_ERROR;
				GCC_WARN_UNDECLARED_SELECTOR = YES;
				GCC_WARN_UNINITIALIZED_AUTOS = YES_AGGRESSIVE;
				GCC_WARN_UNUSED_FUNCTION = YES;
				GCC_WARN_UNUSED_VARIABLE = YES;
				IPHONEOS_DEPLOYMENT_TARGET = 16.0;
				MTL_ENABLE_DEBUG_INFO = NO;
				MTL_FAST_MATH = YES;
				SDKROOT = iphoneos;
				SWIFT_COMPILATION_MODE = wholemodule;
				SWIFT_OPTIMIZATION_LEVEL = "-O";
				VALIDATE_PRODUCT = YES;
			};
			name = Release;
		};
		611A24812A84641700F68D7D /* Debug */ = {
			isa = XCBuildConfiguration;
			buildSettings = {
				ASSETCATALOG_COMPILER_APPICON_NAME = AppIcon;
				ASSETCATALOG_COMPILER_GLOBAL_ACCENT_COLOR_NAME = AccentColor;
				CODE_SIGN_ENTITLEMENTS = CallRecording/CallRecording.entitlements;
				CODE_SIGN_STYLE = Automatic;
				CURRENT_PROJECT_VERSION = 1;
				DEVELOPMENT_ASSET_PATHS = "\"CallRecording/Preview Content\"";
				DEVELOPMENT_TEAM = 4YZQY4C47E;
				ENABLE_PREVIEWS = YES;
				GENERATE_INFOPLIST_FILE = YES;
				INFOPLIST_FILE = CallRecording/Info.plist;
				INFOPLIST_KEY_UIApplicationSceneManifest_Generation = YES;
				INFOPLIST_KEY_UIApplicationSupportsIndirectInputEvents = YES;
				INFOPLIST_KEY_UILaunchScreen_Generation = YES;
				INFOPLIST_KEY_UISupportedInterfaceOrientations_iPad = "UIInterfaceOrientationPortrait UIInterfaceOrientationPortraitUpsideDown UIInterfaceOrientationLandscapeLeft UIInterfaceOrientationLandscapeRight";
				INFOPLIST_KEY_UISupportedInterfaceOrientations_iPhone = "UIInterfaceOrientationPortrait UIInterfaceOrientationLandscapeLeft UIInterfaceOrientationLandscapeRight";
				LD_RUNPATH_SEARCH_PATHS = (
					"$(inherited)",
					"@executable_path/Frameworks",
				);
				MARKETING_VERSION = 1.0;
				PRODUCT_BUNDLE_IDENTIFIER = com.entaku.CallRecording;
				PRODUCT_NAME = "$(TARGET_NAME)";
				SWIFT_EMIT_LOC_STRINGS = YES;
				SWIFT_VERSION = 5.0;
				TARGETED_DEVICE_FAMILY = "1,2";
			};
			name = Debug;
		};
		611A24822A84641700F68D7D /* Release */ = {
			isa = XCBuildConfiguration;
			buildSettings = {
				ASSETCATALOG_COMPILER_APPICON_NAME = AppIcon;
				ASSETCATALOG_COMPILER_GLOBAL_ACCENT_COLOR_NAME = AccentColor;
				CODE_SIGN_ENTITLEMENTS = CallRecording/CallRecording.entitlements;
				CODE_SIGN_STYLE = Automatic;
				CURRENT_PROJECT_VERSION = 1;
				DEVELOPMENT_ASSET_PATHS = "\"CallRecording/Preview Content\"";
				DEVELOPMENT_TEAM = 4YZQY4C47E;
				ENABLE_PREVIEWS = YES;
				GENERATE_INFOPLIST_FILE = YES;
				INFOPLIST_FILE = CallRecording/Info.plist;
				INFOPLIST_KEY_UIApplicationSceneManifest_Generation = YES;
				INFOPLIST_KEY_UIApplicationSupportsIndirectInputEvents = YES;
				INFOPLIST_KEY_UILaunchScreen_Generation = YES;
				INFOPLIST_KEY_UISupportedInterfaceOrientations_iPad = "UIInterfaceOrientationPortrait UIInterfaceOrientationPortraitUpsideDown UIInterfaceOrientationLandscapeLeft UIInterfaceOrientationLandscapeRight";
				INFOPLIST_KEY_UISupportedInterfaceOrientations_iPhone = "UIInterfaceOrientationPortrait UIInterfaceOrientationLandscapeLeft UIInterfaceOrientationLandscapeRight";
				LD_RUNPATH_SEARCH_PATHS = (
					"$(inherited)",
					"@executable_path/Frameworks",
				);
				MARKETING_VERSION = 1.0;
				PRODUCT_BUNDLE_IDENTIFIER = com.entaku.CallRecording;
				PRODUCT_NAME = "$(TARGET_NAME)";
				SWIFT_EMIT_LOC_STRINGS = YES;
				SWIFT_VERSION = 5.0;
				TARGETED_DEVICE_FAMILY = "1,2";
			};
			name = Release;
		};
		611A24842A84641700F68D7D /* Debug */ = {
			isa = XCBuildConfiguration;
			buildSettings = {
				ALWAYS_EMBED_SWIFT_STANDARD_LIBRARIES = YES;
				BUNDLE_LOADER = "$(TEST_HOST)";
				CODE_SIGN_STYLE = Automatic;
				CURRENT_PROJECT_VERSION = 1;
				DEVELOPMENT_TEAM = 4YZQY4C47E;
				GENERATE_INFOPLIST_FILE = YES;
				IPHONEOS_DEPLOYMENT_TARGET = 16.4;
				MARKETING_VERSION = 1.0;
				PRODUCT_BUNDLE_IDENTIFIER = com.entaku.CallRecordingTests;
				PRODUCT_NAME = "$(TARGET_NAME)";
				SWIFT_EMIT_LOC_STRINGS = NO;
				SWIFT_VERSION = 5.0;
				TARGETED_DEVICE_FAMILY = "1,2";
				TEST_HOST = "$(BUILT_PRODUCTS_DIR)/CallRecording.app/$(BUNDLE_EXECUTABLE_FOLDER_PATH)/CallRecording";
			};
			name = Debug;
		};
		611A24852A84641700F68D7D /* Release */ = {
			isa = XCBuildConfiguration;
			buildSettings = {
				ALWAYS_EMBED_SWIFT_STANDARD_LIBRARIES = YES;
				BUNDLE_LOADER = "$(TEST_HOST)";
				CODE_SIGN_STYLE = Automatic;
				CURRENT_PROJECT_VERSION = 1;
				DEVELOPMENT_TEAM = 4YZQY4C47E;
				GENERATE_INFOPLIST_FILE = YES;
				IPHONEOS_DEPLOYMENT_TARGET = 16.4;
				MARKETING_VERSION = 1.0;
				PRODUCT_BUNDLE_IDENTIFIER = com.entaku.CallRecordingTests;
				PRODUCT_NAME = "$(TARGET_NAME)";
				SWIFT_EMIT_LOC_STRINGS = NO;
				SWIFT_VERSION = 5.0;
				TARGETED_DEVICE_FAMILY = "1,2";
				TEST_HOST = "$(BUILT_PRODUCTS_DIR)/CallRecording.app/$(BUNDLE_EXECUTABLE_FOLDER_PATH)/CallRecording";
			};
			name = Release;
		};
		611A24872A84641700F68D7D /* Debug */ = {
			isa = XCBuildConfiguration;
			buildSettings = {
				ALWAYS_EMBED_SWIFT_STANDARD_LIBRARIES = YES;
				CODE_SIGN_STYLE = Automatic;
				CURRENT_PROJECT_VERSION = 1;
				DEVELOPMENT_TEAM = 4YZQY4C47E;
				GENERATE_INFOPLIST_FILE = YES;
				MARKETING_VERSION = 1.0;
				PRODUCT_BUNDLE_IDENTIFIER = com.entaku.CallRecordingUITests;
				PRODUCT_NAME = "$(TARGET_NAME)";
				SWIFT_EMIT_LOC_STRINGS = NO;
				SWIFT_VERSION = 5.0;
				TARGETED_DEVICE_FAMILY = "1,2";
				TEST_TARGET_NAME = CallRecording;
			};
			name = Debug;
		};
		611A24882A84641700F68D7D /* Release */ = {
			isa = XCBuildConfiguration;
			buildSettings = {
				ALWAYS_EMBED_SWIFT_STANDARD_LIBRARIES = YES;
				CODE_SIGN_STYLE = Automatic;
				CURRENT_PROJECT_VERSION = 1;
				DEVELOPMENT_TEAM = 4YZQY4C47E;
				GENERATE_INFOPLIST_FILE = YES;
				MARKETING_VERSION = 1.0;
				PRODUCT_BUNDLE_IDENTIFIER = com.entaku.CallRecordingUITests;
				PRODUCT_NAME = "$(TARGET_NAME)";
				SWIFT_EMIT_LOC_STRINGS = NO;
				SWIFT_VERSION = 5.0;
				TARGETED_DEVICE_FAMILY = "1,2";
				TEST_TARGET_NAME = CallRecording;
			};
			name = Release;
		};
/* End XCBuildConfiguration section */

/* Begin XCConfigurationList section */
		611A24572A84641600F68D7D /* Build configuration list for PBXProject "CallRecording" */ = {
			isa = XCConfigurationList;
			buildConfigurations = (
				611A247E2A84641700F68D7D /* Debug */,
				611A247F2A84641700F68D7D /* Release */,
			);
			defaultConfigurationIsVisible = 0;
			defaultConfigurationName = Release;
		};
		611A24802A84641700F68D7D /* Build configuration list for PBXNativeTarget "CallRecording" */ = {
			isa = XCConfigurationList;
			buildConfigurations = (
				611A24812A84641700F68D7D /* Debug */,
				611A24822A84641700F68D7D /* Release */,
			);
			defaultConfigurationIsVisible = 0;
			defaultConfigurationName = Release;
		};
		611A24832A84641700F68D7D /* Build configuration list for PBXNativeTarget "CallRecordingTests" */ = {
			isa = XCConfigurationList;
			buildConfigurations = (
				611A24842A84641700F68D7D /* Debug */,
				611A24852A84641700F68D7D /* Release */,
			);
			defaultConfigurationIsVisible = 0;
			defaultConfigurationName = Release;
		};
		611A24862A84641700F68D7D /* Build configuration list for PBXNativeTarget "CallRecordingUITests" */ = {
			isa = XCConfigurationList;
			buildConfigurations = (
				611A24872A84641700F68D7D /* Debug */,
				611A24882A84641700F68D7D /* Release */,
			);
			defaultConfigurationIsVisible = 0;
			defaultConfigurationName = Release;
		};
/* End XCConfigurationList section */
	};
	rootObject = 611A24542A84641600F68D7D /* Project object */;
}
